// !$*UTF8*$!
{
	archiveVersion = 1;
	classes = {
	};
	objectVersion = 46;
	objects = {

/* Begin PBXBuildFile section */
		593C13C31DF331FB0013BD70 /* AppDelegate.swift in Sources */ = {isa = PBXBuildFile; fileRef = 593C13C21DF331FB0013BD70 /* AppDelegate.swift */; };
		593C13C51DF331FB0013BD70 /* ViewController.swift in Sources */ = {isa = PBXBuildFile; fileRef = 593C13C41DF331FB0013BD70 /* ViewController.swift */; };
		593C13C81DF331FB0013BD70 /* Main.storyboard in Resources */ = {isa = PBXBuildFile; fileRef = 593C13C61DF331FB0013BD70 /* Main.storyboard */; };
		593C13CA1DF331FB0013BD70 /* Assets.xcassets in Resources */ = {isa = PBXBuildFile; fileRef = 593C13C91DF331FB0013BD70 /* Assets.xcassets */; };
		593C13CD1DF331FB0013BD70 /* LaunchScreen.storyboard in Resources */ = {isa = PBXBuildFile; fileRef = 593C13CB1DF331FB0013BD70 /* LaunchScreen.storyboard */; };
/* End PBXBuildFile section */

/* Begin PBXFileReference section */
		593C13BF1DF331FB0013BD70 /* myGitHubProject.app */ = {isa = PBXFileReference; explicitFileType = wrapper.application; includeInIndex = 0; path = myGitHubProject.app; sourceTree = BUILT_PRODUCTS_DIR; };
		593C13C21DF331FB0013BD70 /* AppDelegate.swift */ = {isa = PBXFileReference; lastKnownFileType = sourcecode.swift; path = AppDelegate.swift; sourceTree = "<group>"; };
		593C13C41DF331FB0013BD70 /* ViewController.swift */ = {isa = PBXFileReference; lastKnownFileType = sourcecode.swift; path = ViewController.swift; sourceTree = "<group>"; };
		593C13C71DF331FB0013BD70 /* Base */ = {isa = PBXFileReference; lastKnownFileType = file.storyboard; name = Base; path = Base.lproj/Main.storyboard; sourceTree = "<group>"; };
		593C13C91DF331FB0013BD70 /* Assets.xcassets */ = {isa = PBXFileReference; lastKnownFileType = folder.assetcatalog; path = Assets.xcassets; sourceTree = "<group>"; };
		593C13CC1DF331FB0013BD70 /* Base */ = {isa = PBXFileReference; lastKnownFileType = file.storyboard; name = Base; path = Base.lproj/LaunchScreen.storyboard; sourceTree = "<group>"; };
		593C13CE1DF331FB0013BD70 /* Info.plist */ = {isa = PBXFileReference; lastKnownFileType = text.plist.xml; path = Info.plist; sourceTree = "<group>"; };
/* End PBXFileReference section */

/* Begin PBXFrameworksBuildPhase section */
		593C13BC1DF331FB0013BD70 /* Frameworks */ = {
			isa = PBXFrameworksBuildPhase;
			buildActionMask = 2147483647;
			files = (
			);
			runOnlyForDeploymentPostprocessing = 0;
		};
/* End PBXFrameworksBuildPhase section */

/* Begin PBXGroup section */
		593C13B61DF331FB0013BD70 = {
			isa = PBXGroup;
			children = (
				593C13C11DF331FB0013BD70 /* myGitHubProject */,
				593C13C01DF331FB0013BD70 /* Products */,
			);
			sourceTree = "<group>";
		};
		593C13C01DF331FB0013BD70 /* Products */ = {
			isa = PBXGroup;
			children = (
				593C13BF1DF331FB0013BD70 /* myGitHubProject.app */,
			);
			name = Products;
			sourceTree = "<group>";
		};
		593C13C11DF331FB0013BD70 /* myGitHubProject */ = {
			isa = PBXGroup;
			children = (
				593C13C21DF331FB0013BD70 /* AppDelegate.swift */,
				593C13C41DF331FB0013BD70 /* ViewController.swift */,
				593C13C61DF331FB0013BD70 /* Main.storyboard */,
				593C13C91DF331FB0013BD70 /* Assets.xcassets */,
				593C13CB1DF331FB0013BD70 /* LaunchScreen.storyboard */,
				593C13CE1DF331FB0013BD70 /* Info.plist */,
			);
			path = myGitHubProject;
			sourceTree = "<group>";
		};
/* End PBXGroup section */

/* Begin PBXNativeTarget section */
		593C13BE1DF331FB0013BD70 /* myGitHubProject */ = {
			isa = PBXNativeTarget;
			buildConfigurationList = 593C13D11DF331FB0013BD70 /* Build configuration list for PBXNativeTarget "myGitHubProject" */;
			buildPhases = (
				593C13BB1DF331FB0013BD70 /* Sources */,
				593C13BC1DF331FB0013BD70 /* Frameworks */,
				593C13BD1DF331FB0013BD70 /* Resources */,
			);
			buildRules = (
			);
			dependencies = (
			);
			name = myGitHubProject;
			productName = myGitHubProject;
			productReference = 593C13BF1DF331FB0013BD70 /* myGitHubProject.app */;
			productType = "com.apple.product-type.application";
		};
/* End PBXNativeTarget section */

/* Begin PBXProject section */
		593C13B71DF331FB0013BD70 /* Project object */ = {
			isa = PBXProject;
			attributes = {
				LastSwiftUpdateCheck = 0810;
				LastUpgradeCheck = 0810;
				ORGANIZATIONNAME = "Joe Mahaffey";
				TargetAttributes = {
					593C13BE1DF331FB0013BD70 = {
						CreatedOnToolsVersion = 8.1;
						DevelopmentTeam = KN9R6WVHS8;
						ProvisioningStyle = Automatic;
					};
				};
			};
			buildConfigurationList = 593C13BA1DF331FB0013BD70 /* Build configuration list for PBXProject "myGitHubProject" */;
			compatibilityVersion = "Xcode 3.2";
			developmentRegion = English;
			hasScannedForEncodings = 0;
			knownRegions = (
				en,
				Base,
			);
			mainGroup = 593C13B61DF331FB0013BD70;
			productRefGroup = 593C13C01DF331FB0013BD70 /* Products */;
			projectDirPath = "";
			projectRoot = "";
			targets = (
				593C13BE1DF331FB0013BD70 /* myGitHubProject */,
			);
		};
/* End PBXProject section */

/* Begin PBXResourcesBuildPhase section */
		593C13BD1DF331FB0013BD70 /* Resources */ = {
			isa = PBXResourcesBuildPhase;
			buildActionMask = 2147483647;
			files = (
				593C13CD1DF331FB0013BD70 /* LaunchScreen.storyboard in Resources */,
				593C13CA1DF331FB0013BD70 /* Assets.xcassets in Resources */,
				593C13C81DF331FB0013BD70 /* Main.storyboard in Resources */,
			);
			runOnlyForDeploymentPostprocessing = 0;
		};
/* End PBXResourcesBuildPhase section */

/* Begin PBXSourcesBuildPhase section */
		593C13BB1DF331FB0013BD70 /* Sources */ = {
			isa = PBXSourcesBuildPhase;
			buildActionMask = 2147483647;
			files = (
				593C13C51DF331FB0013BD70 /* ViewController.swift in Sources */,
				593C13C31DF331FB0013BD70 /* AppDelegate.swift in Sources */,
			);
			runOnlyForDeploymentPostprocessing = 0;
		};
/* End PBXSourcesBuildPhase section */

/* Begin PBXVariantGroup section */
		593C13C61DF331FB0013BD70 /* Main.storyboard */ = {
			isa = PBXVariantGroup;
			children = (
				593C13C71DF331FB0013BD70 /* Base */,
			);
			name = Main.storyboard;
			sourceTree = "<group>";
		};
		593C13CB1DF331FB0013BD70 /* LaunchScreen.storyboard */ = {
			isa = PBXVariantGroup;
			children = (
				593C13CC1DF331FB0013BD70 /* Base */,
			);
			name = LaunchScreen.storyboard;
			sourceTree = "<group>";
		};
/* End PBXVariantGroup section */

/* Begin XCBuildConfiguration section */
		593C13CF1DF331FB0013BD70 /* Debug */ = {
			isa = XCBuildConfiguration;
			buildSettings = {
				ALWAYS_SEARCH_USER_PATHS = NO;
				CLANG_ANALYZER_NONNULL = YES;
				CLANG_CXX_LANGUAGE_STANDARD = "gnu++0x";
				CLANG_CXX_LIBRARY = "libc++";
				CLANG_ENABLE_MODULES = YES;
				CLANG_ENABLE_OBJC_ARC = YES;
				CLANG_WARN_BOOL_CONVERSION = YES;
				CLANG_WARN_CONSTANT_CONVERSION = YES;
				CLANG_WARN_DIRECT_OBJC_ISA_USAGE = YES_ERROR;
				CLANG_WARN_DOCUMENTATION_COMMENTS = YES;
				CLANG_WARN_EMPTY_BODY = YES;
				CLANG_WARN_ENUM_CONVERSION = YES;
				CLANG_WARN_INFINITE_RECURSION = YES;
				CLANG_WARN_INT_CONVERSION = YES;
				CLANG_WARN_OBJC_ROOT_CLASS = YES_ERROR;
				CLANG_WARN_SUSPICIOUS_MOVES = YES;
				CLANG_WARN_UNREACHABLE_CODE = YES;
				CLANG_WARN__DUPLICATE_METHOD_MATCH = YES;
				"CODE_SIGN_IDENTITY[sdk=iphoneos*]" = "iPhone Developer";
				COPY_PHASE_STRIP = NO;
				DEBUG_INFORMATION_FORMAT = dwarf;
				ENABLE_STRICT_OBJC_MSGSEND = YES;
				ENABLE_TESTABILITY = YES;
				GCC_C_LANGUAGE_STANDARD = gnu99;
				GCC_DYNAMIC_NO_PIC = NO;
				GCC_NO_COMMON_BLOCKS = YES;
				GCC_OPTIMIZATION_LEVEL = 0;
				GCC_PREPROCESSOR_DEFINITIONS = (
					"DEBUG=1",
					"$(inherited)",
				);
				GCC_WARN_64_TO_32_BIT_CONVERSION = YES;
				GCC_WARN_ABOUT_RETURN_TYPE = YES_ERROR;
				GCC_WARN_UNDECLARED_SELECTOR = YES;
				GCC_WARN_UNINITIALIZED_AUTOS = YES_AGGRESSIVE;
				GCC_WARN_UNUSED_FUNCTION = YES;
				GCC_WARN_UNUSED_VARIABLE = YES;
				IPHONEOS_DEPLOYMENT_TARGET = 10.1;
				MTL_ENABLE_DEBUG_INFO = YES;
				ONLY_ACTIVE_ARCH = YES;
				SDKROOT = iphoneos;
				SWIFT_ACTIVE_COMPILATION_CONDITIONS = DEBUG;
				SWIFT_OPTIMIZATION_LEVEL = "-Onone";
				TARGETED_DEVICE_FAMILY = "1,2";
			};
			name = Debug;
		};
		593C13D01DF331FB0013BD70 /* Release */ = {
			isa = XCBuildConfiguration;
			buildSettings = {
				ALWAYS_SEARCH_USER_PATHS = NO;
				CLANG_ANALYZER_NONNULL = YES;
				CLANG_CXX_LANGUAGE_STANDARD = "gnu++0x";
				CLANG_CXX_LIBRARY = "libc++";
				CLANG_ENABLE_MODULES = YES;
				CLANG_ENABLE_OBJC_ARC = YES;
				CLANG_WARN_BOOL_CONVERSION = YES;
				CLANG_WARN_CONSTANT_CONVERSION = YES;
				CLANG_WARN_DIRECT_OBJC_ISA_USAGE = YES_ERROR;
				CLANG_WARN_DOCUMENTATION_COMMENTS = YES;
				CLANG_WARN_EMPTY_BODY = YES;
				CLANG_WARN_ENUM_CONVERSION = YES;
				CLANG_WARN_INFINITE_RECURSION = YES;
				CLANG_WARN_INT_CONVERSION = YES;
				CLANG_WARN_OBJC_ROOT_CLASS = YES_ERROR;
				CLANG_WARN_SUSPICIOUS_MOVES = YES;
				CLANG_WARN_UNREACHABLE_CODE = YES;
				CLANG_WARN__DUPLICATE_METHOD_MATCH = YES;
				"CODE_SIGN_IDENTITY[sdk=iphoneos*]" = "iPhone Developer";
				COPY_PHASE_STRIP = NO;
				DEBUG_INFORMATION_FORMAT = "dwarf-with-dsym";
				ENABLE_NS_ASSERTIONS = NO;
				ENABLE_STRICT_OBJC_MSGSEND = YES;
				GCC_C_LANGUAGE_STANDARD = gnu99;
				GCC_NO_COMMON_BLOCKS = YES;
				GCC_WARN_64_TO_32_BIT_CONVERSION = YES;
				GCC_WARN_ABOUT_RETURN_TYPE = YES_ERROR;
				GCC_WARN_UNDECLARED_SELECTOR = YES;
				GCC_WARN_UNINITIALIZED_AUTOS = YES_AGGRESSIVE;
				GCC_WARN_UNUSED_FUNCTION = YES;
				GCC_WARN_UNUSED_VARIABLE = YES;
				IPHONEOS_DEPLOYMENT_TARGET = 10.1;
				MTL_ENABLE_DEBUG_INFO = NO;
				SDKROOT = iphoneos;
				SWIFT_OPTIMIZATION_LEVEL = "-Owholemodule";
				TARGETED_DEVICE_FAMILY = "1,2";
				VALIDATE_PRODUCT = YES;
			};
			name = Release;
		};
		593C13D21DF331FB0013BD70 /* Debug */ = {
			isa = XCBuildConfiguration;
			buildSettings = {
				ASSETCATALOG_COMPILER_APPICON_NAME = AppIcon;
				DEVELOPMENT_TEAM = KN9R6WVHS8;
				INFOPLIST_FILE = myGitHubProject/Info.plist;
				LD_RUNPATH_SEARCH_PATHS = "$(inherited) @executable_path/Frameworks";
				PRODUCT_BUNDLE_IDENTIFIER = gadgetjoe.myGitHubProject;
				PRODUCT_NAME = "$(TARGET_NAME)";
				SWIFT_VERSION = 3.0;
			};
			name = Debug;
		};
		593C13D31DF331FB0013BD70 /* Release */ = {
			isa = XCBuildConfiguration;
			buildSettings = {
				ASSETCATALOG_COMPILER_APPICON_NAME = AppIcon;
				DEVELOPMENT_TEAM = KN9R6WVHS8;
				INFOPLIST_FILE = myGitHubProject/Info.plist;
				LD_RUNPATH_SEARCH_PATHS = "$(inherited) @executable_path/Frameworks";
				PRODUCT_BUNDLE_IDENTIFIER = gadgetjoe.myGitHubProject;
				PRODUCT_NAME = "$(TARGET_NAME)";
				SWIFT_VERSION = 3.0;
			};
			name = Release;
		};
/* End XCBuildConfiguration section */

/* Begin XCConfigurationList section */
		593C13BA1DF331FB0013BD70 /* Build configuration list for PBXProject "myGitHubProject" */ = {
			isa = XCConfigurationList;
			buildConfigurations = (
				593C13CF1DF331FB0013BD70 /* Debug */,
				593C13D01DF331FB0013BD70 /* Release */,
			);
			defaultConfigurationIsVisible = 0;
			defaultConfigurationName = Release;
		};
		593C13D11DF331FB0013BD70 /* Build configuration list for PBXNativeTarget "myGitHubProject" */ = {
			isa = XCConfigurationList;
			buildConfigurations = (
				593C13D21DF331FB0013BD70 /* Debug */,
				593C13D31DF331FB0013BD70 /* Release */,
			);
			defaultConfigurationIsVisible = 0;
		};
/* End XCConfigurationList section */
	};
	rootObject = 593C13B71DF331FB0013BD70 /* Project object */;
}
